
Microsoft Visual Studio Solution File, Format Version 12.00
# Visual Studio Version 16
VisualStudioVersion = 16.0.30804.86
MinimumVisualStudioVersion = 10.0.40219.1
Project("{8BC9CEB8-8B4A-11D0-8D11-00A0C91BC942}") = "SDL_BlackJack", "SDL_BlackJack.vcxproj", "{9C60EEE9-DE9E-4C2F-8490-C588E1D12BE4}"
EndProject
Global
	GlobalSection(SolutionConfigurationPlatforms) = preSolution
		Debug|x64 = Debug|x64
		Debug|x86 = Debug|x86
		Release|x64 = Release|x64
		Release|x86 = Release|x86
	EndGlobalSection
	GlobalSection(ProjectConfigurationPlatforms) = postSolution
		{9C60EEE9-DE9E-4C2F-8490-C588E1D12BE4}.Debug|x64.ActiveCfg = Debug|x64
		{9C60EEE9-DE9E-4C2F-8490-C588E1D12BE4}.Debug|x64.Build.0 = Debug|x64
		{9C60EEE9-DE9E-4C2F-8490-C588E1D12BE4}.Debug|x86.ActiveCfg = Debug|Win32
		{9C60EEE9-DE9E-4C2F-8490-C588E1D12BE4}.Debug|x86.Build.0 = Debug|Win32
		{9C60EEE9-DE9E-4C2F-8490-C588E1D12BE4}.Release|x64.ActiveCfg = Release|x64
		{9C60EEE9-DE9E-4C2F-8490-C588E1D12BE4}.Release|x64.Build.0 = Release|x64
		{9C60EEE9-DE9E-4C2F-8490-C588E1D12BE4}.Release|x86.ActiveCfg = Release|Win32
		{9C60EEE9-DE9E-4C2F-8490-C588E1D12BE4}.Release|x86.Build.0 = Release|Win32
	EndGlobalSection
	GlobalSection(SolutionProperties) = preSolution
		HideSolutionNode = FALSE
	EndGlobalSection
	GlobalSection(ExtensibilityGlobals) = postSolution
		SolutionGuid = {FEA05EE9-316F-4C9E-8BB2-41B705A5913C}
	EndGlobalSection
EndGlobal
